
Microsoft Visual Studio Solution File, Format Version 12.00
# Visual Studio Version 17
VisualStudioVersion = 17.5.33516.290
MinimumVisualStudioVersion = 10.0.40219.1
Project("{FAE04EC0-301F-11D3-BF4B-00C04F79EFBC}") = "cs26_delegate", "cs26_delegate\cs26_delegate.csproj", "{FBDEAAAE-CCE1-471D-A0F1-565E4EF3A6A7}"
EndProject
Project("{FAE04EC0-301F-11D3-BF4B-00C04F79EFBC}") = "cs27_delegatechain", "cs27_delegatechain\cs27_delegatechain.csproj", "{F17D9C9C-448B-46B3-A8C6-6D667E9F7E24}"
EndProject
Project("{FAE04EC0-301F-11D3-BF4B-00C04F79EFBC}") = "cs28_event", "cs28_event\cs28_event.csproj", "{1FCE437C-8450-494A-9263-F08215B00B6F}"
EndProject
Global
	GlobalSection(SolutionConfigurationPlatforms) = preSolution
		Debug|Any CPU = Debug|Any CPU
		Release|Any CPU = Release|Any CPU
	EndGlobalSection
	GlobalSection(ProjectConfigurationPlatforms) = postSolution
		{FBDEAAAE-CCE1-471D-A0F1-565E4EF3A6A7}.Debug|Any CPU.ActiveCfg = Debug|Any CPU
		{FBDEAAAE-CCE1-471D-A0F1-565E4EF3A6A7}.Debug|Any CPU.Build.0 = Debug|Any CPU
		{FBDEAAAE-CCE1-471D-A0F1-565E4EF3A6A7}.Release|Any CPU.ActiveCfg = Release|Any CPU
		{FBDEAAAE-CCE1-471D-A0F1-565E4EF3A6A7}.Release|Any CPU.Build.0 = Release|Any CPU
		{F17D9C9C-448B-46B3-A8C6-6D667E9F7E24}.Debug|Any CPU.ActiveCfg = Debug|Any CPU
		{F17D9C9C-448B-46B3-A8C6-6D667E9F7E24}.Debug|Any CPU.Build.0 = Debug|Any CPU
		{F17D9C9C-448B-46B3-A8C6-6D667E9F7E24}.Release|Any CPU.ActiveCfg = Release|Any CPU
		{F17D9C9C-448B-46B3-A8C6-6D667E9F7E24}.Release|Any CPU.Build.0 = Release|Any CPU
		{1FCE437C-8450-494A-9263-F08215B00B6F}.Debug|Any CPU.ActiveCfg = Debug|Any CPU
		{1FCE437C-8450-494A-9263-F08215B00B6F}.Debug|Any CPU.Build.0 = Debug|Any CPU
		{1FCE437C-8450-494A-9263-F08215B00B6F}.Release|Any CPU.ActiveCfg = Release|Any CPU
		{1FCE437C-8450-494A-9263-F08215B00B6F}.Release|Any CPU.Build.0 = Release|Any CPU
	EndGlobalSection
	GlobalSection(SolutionProperties) = preSolution
		HideSolutionNode = FALSE
	EndGlobalSection
	GlobalSection(ExtensibilityGlobals) = postSolution
		SolutionGuid = {069764D8-61DF-4B5B-BE51-6D3CB6C5556E}
	EndGlobalSection
EndGlobal
