
Microsoft Visual Studio Solution File, Format Version 12.00
# Visual Studio Version 17
VisualStudioVersion = 17.5.33516.290
MinimumVisualStudioVersion = 10.0.40219.1
Project("{FAE04EC0-301F-11D3-BF4B-00C04F79EFBC}") = "cs29_filehandling", "cs29_filehandling\cs29_filehandling.csproj", "{C5C020EB-B4D8-4765-BE90-50AB53D175F1}"
EndProject
Project("{FAE04EC0-301F-11D3-BF4B-00C04F79EFBC}") = "cs30_filereadwirte", "cs30_filereadwirte\cs30_filereadwirte.csproj", "{7AD602D7-66AA-46BD-A6AC-2C6C9A4A9B83}"
EndProject
Project("{FAE04EC0-301F-11D3-BF4B-00C04F79EFBC}") = "wf12_notepad", "wf12_notepad\wf12_notepad.csproj", "{5062DE14-0694-42BA-A382-9035EAEAC918}"
EndProject
Global
	GlobalSection(SolutionConfigurationPlatforms) = preSolution
		Debug|Any CPU = Debug|Any CPU
		Release|Any CPU = Release|Any CPU
	EndGlobalSection
	GlobalSection(ProjectConfigurationPlatforms) = postSolution
		{C5C020EB-B4D8-4765-BE90-50AB53D175F1}.Debug|Any CPU.ActiveCfg = Debug|Any CPU
		{C5C020EB-B4D8-4765-BE90-50AB53D175F1}.Debug|Any CPU.Build.0 = Debug|Any CPU
		{C5C020EB-B4D8-4765-BE90-50AB53D175F1}.Release|Any CPU.ActiveCfg = Release|Any CPU
		{C5C020EB-B4D8-4765-BE90-50AB53D175F1}.Release|Any CPU.Build.0 = Release|Any CPU
		{7AD602D7-66AA-46BD-A6AC-2C6C9A4A9B83}.Debug|Any CPU.ActiveCfg = Debug|Any CPU
		{7AD602D7-66AA-46BD-A6AC-2C6C9A4A9B83}.Debug|Any CPU.Build.0 = Debug|Any CPU
		{7AD602D7-66AA-46BD-A6AC-2C6C9A4A9B83}.Release|Any CPU.ActiveCfg = Release|Any CPU
		{7AD602D7-66AA-46BD-A6AC-2C6C9A4A9B83}.Release|Any CPU.Build.0 = Release|Any CPU
		{5062DE14-0694-42BA-A382-9035EAEAC918}.Debug|Any CPU.ActiveCfg = Debug|Any CPU
		{5062DE14-0694-42BA-A382-9035EAEAC918}.Debug|Any CPU.Build.0 = Debug|Any CPU
		{5062DE14-0694-42BA-A382-9035EAEAC918}.Release|Any CPU.ActiveCfg = Release|Any CPU
		{5062DE14-0694-42BA-A382-9035EAEAC918}.Release|Any CPU.Build.0 = Release|Any CPU
	EndGlobalSection
	GlobalSection(SolutionProperties) = preSolution
		HideSolutionNode = FALSE
	EndGlobalSection
	GlobalSection(ExtensibilityGlobals) = postSolution
		SolutionGuid = {918D5855-F982-4192-83CB-D460455CCE77}
	EndGlobalSection
EndGlobal
