
Microsoft Visual Studio Solution File, Format Version 12.00
# Visual Studio Version 17
VisualStudioVersion = 17.5.33516.290
MinimumVisualStudioVersion = 10.0.40219.1
Project("{FAE04EC0-301F-11D3-BF4B-00C04F79EFBC}") = "wf01_simplewinapp", "wf01_simplewinapp\wf01_simplewinapp.csproj", "{6A2C6E82-8262-4FFF-A7A0-9E9B301DDDB3}"
EndProject
Project("{FAE04EC0-301F-11D3-BF4B-00C04F79EFBC}") = "wf02_realwinapp", "wf02_realwinapp\wf02_realwinapp.csproj", "{BD16055A-485C-4A42-ADA9-9CBE1111FA74}"
EndProject
Project("{FAE04EC0-301F-11D3-BF4B-00C04F79EFBC}") = "wf03_property", "wf03_property\wf03_property.csproj", "{F47AD151-3AE4-405A-B456-56D3A98F133D}"
EndProject
Global
	GlobalSection(SolutionConfigurationPlatforms) = preSolution
		Debug|Any CPU = Debug|Any CPU
		Release|Any CPU = Release|Any CPU
	EndGlobalSection
	GlobalSection(ProjectConfigurationPlatforms) = postSolution
		{6A2C6E82-8262-4FFF-A7A0-9E9B301DDDB3}.Debug|Any CPU.ActiveCfg = Debug|Any CPU
		{6A2C6E82-8262-4FFF-A7A0-9E9B301DDDB3}.Debug|Any CPU.Build.0 = Debug|Any CPU
		{6A2C6E82-8262-4FFF-A7A0-9E9B301DDDB3}.Release|Any CPU.ActiveCfg = Release|Any CPU
		{6A2C6E82-8262-4FFF-A7A0-9E9B301DDDB3}.Release|Any CPU.Build.0 = Release|Any CPU
		{BD16055A-485C-4A42-ADA9-9CBE1111FA74}.Debug|Any CPU.ActiveCfg = Debug|Any CPU
		{BD16055A-485C-4A42-ADA9-9CBE1111FA74}.Debug|Any CPU.Build.0 = Debug|Any CPU
		{BD16055A-485C-4A42-ADA9-9CBE1111FA74}.Release|Any CPU.ActiveCfg = Release|Any CPU
		{BD16055A-485C-4A42-ADA9-9CBE1111FA74}.Release|Any CPU.Build.0 = Release|Any CPU
		{F47AD151-3AE4-405A-B456-56D3A98F133D}.Debug|Any CPU.ActiveCfg = Debug|Any CPU
		{F47AD151-3AE4-405A-B456-56D3A98F133D}.Debug|Any CPU.Build.0 = Debug|Any CPU
		{F47AD151-3AE4-405A-B456-56D3A98F133D}.Release|Any CPU.ActiveCfg = Release|Any CPU
		{F47AD151-3AE4-405A-B456-56D3A98F133D}.Release|Any CPU.Build.0 = Release|Any CPU
	EndGlobalSection
	GlobalSection(SolutionProperties) = preSolution
		HideSolutionNode = FALSE
	EndGlobalSection
	GlobalSection(ExtensibilityGlobals) = postSolution
		SolutionGuid = {AFA2643D-6008-4AA1-A8D8-EC479366F7A1}
	EndGlobalSection
EndGlobal
