
Microsoft Visual Studio Solution File, Format Version 12.00
# Visual Studio Version 17
VisualStudioVersion = 17.5.33516.290
MinimumVisualStudioVersion = 10.0.40219.1
Project("{FAE04EC0-301F-11D3-BF4B-00C04F79EFBC}") = "wf03_property", "wf03_property\wf03_property.csproj", "{F47AD151-3AE4-405A-B456-56D3A98F133D}"
EndProject
Global
	GlobalSection(SolutionConfigurationPlatforms) = preSolution
		Debug|Any CPU = Debug|Any CPU
		Release|Any CPU = Release|Any CPU
	EndGlobalSection
	GlobalSection(ProjectConfigurationPlatforms) = postSolution
		{F47AD151-3AE4-405A-B456-56D3A98F133D}.Debug|Any CPU.ActiveCfg = Debug|Any CPU
		{F47AD151-3AE4-405A-B456-56D3A98F133D}.Debug|Any CPU.Build.0 = Debug|Any CPU
		{F47AD151-3AE4-405A-B456-56D3A98F133D}.Release|Any CPU.ActiveCfg = Release|Any CPU
		{F47AD151-3AE4-405A-B456-56D3A98F133D}.Release|Any CPU.Build.0 = Release|Any CPU
	EndGlobalSection
	GlobalSection(SolutionProperties) = preSolution
		HideSolutionNode = FALSE
	EndGlobalSection
	GlobalSection(ExtensibilityGlobals) = postSolution
		SolutionGuid = {1C089087-91CC-4448-A661-F231CF986FA1}
	EndGlobalSection
EndGlobal
